
Microsoft Visual Studio Solution File, Format Version 12.00
# Visual Studio 14
VisualStudioVersion = 14.0.25420.1
MinimumVisualStudioVersion = 10.0.40219.1
Project("{FAE04EC0-301F-11D3-BF4B-00C04F79EFBC}") = "Api", "Api\Api.csproj", "{EC7B6672-8A50-4175-95D6-BC8D6063EDA6}"
EndProject
Project("{2150E333-8FDC-42A3-9474-1A3956D46DE8}") = "Presentation", "Presentation", "{B2F57E4A-D2F3-436D-AF68-EED40C68AC71}"
EndProject
Project("{2150E333-8FDC-42A3-9474-1A3956D46DE8}") = "Application", "Application", "{35EBB824-AC86-4C4A-80BF-9428D3400605}"
EndProject
Project("{2150E333-8FDC-42A3-9474-1A3956D46DE8}") = "Domain", "Domain", "{07B853F4-47C4-4746-A6F6-550778577C20}"
EndProject
Project("{2150E333-8FDC-42A3-9474-1A3956D46DE8}") = "Tests", "Tests", "{951025BF-0140-4202-BF80-CB1D77712DCB}"
EndProject
Project("{FAE04EC0-301F-11D3-BF4B-00C04F79EFBC}") = "API.Services", "API.Services\API.Services.csproj", "{E0C77A75-E97C-40FF-A189-18E1B8F16419}"
EndProject
Project("{FAE04EC0-301F-11D3-BF4B-00C04F79EFBC}") = "Library", "Library\Library.csproj", "{7C1C598F-CC9B-4407-8532-290F2F1FBAD7}"
EndProject
Project("{FAE04EC0-301F-11D3-BF4B-00C04F79EFBC}") = "API.Core", "API.Core\API.Core.csproj", "{FD2B8418-237D-446C-B440-B9DB183CED63}"
EndProject
Project("{FAE04EC0-301F-11D3-BF4B-00C04F79EFBC}") = "API.Data", "API.Data\API.Data.csproj", "{66498558-CD58-44C5-AD9B-5665DF3C526C}"
EndProject
Project("{FAE04EC0-301F-11D3-BF4B-00C04F79EFBC}") = "API.Testing.Core", "API.Testing.Core\API.Testing.Core.csproj", "{3444B5C3-786C-4D87-848F-E834E15FDB65}"
EndProject
Project("{FAE04EC0-301F-11D3-BF4B-00C04F79EFBC}") = "API.Unit.Tests", "API.Unit.Tests\API.Unit.Tests.csproj", "{91B05754-349F-48C4-86F1-FBB7D5051605}"
EndProject
Global
	GlobalSection(SolutionConfigurationPlatforms) = preSolution
		Debug|Any CPU = Debug|Any CPU
		Release|Any CPU = Release|Any CPU
	EndGlobalSection
	GlobalSection(ProjectConfigurationPlatforms) = postSolution
		{EC7B6672-8A50-4175-95D6-BC8D6063EDA6}.Debug|Any CPU.ActiveCfg = Debug|Any CPU
		{EC7B6672-8A50-4175-95D6-BC8D6063EDA6}.Debug|Any CPU.Build.0 = Debug|Any CPU
		{EC7B6672-8A50-4175-95D6-BC8D6063EDA6}.Release|Any CPU.ActiveCfg = Release|Any CPU
		{EC7B6672-8A50-4175-95D6-BC8D6063EDA6}.Release|Any CPU.Build.0 = Release|Any CPU
		{E0C77A75-E97C-40FF-A189-18E1B8F16419}.Debug|Any CPU.ActiveCfg = Debug|Any CPU
		{E0C77A75-E97C-40FF-A189-18E1B8F16419}.Debug|Any CPU.Build.0 = Debug|Any CPU
		{E0C77A75-E97C-40FF-A189-18E1B8F16419}.Release|Any CPU.ActiveCfg = Release|Any CPU
		{E0C77A75-E97C-40FF-A189-18E1B8F16419}.Release|Any CPU.Build.0 = Release|Any CPU
		{7C1C598F-CC9B-4407-8532-290F2F1FBAD7}.Debug|Any CPU.ActiveCfg = Debug|Any CPU
		{7C1C598F-CC9B-4407-8532-290F2F1FBAD7}.Debug|Any CPU.Build.0 = Debug|Any CPU
		{7C1C598F-CC9B-4407-8532-290F2F1FBAD7}.Release|Any CPU.ActiveCfg = Release|Any CPU
		{7C1C598F-CC9B-4407-8532-290F2F1FBAD7}.Release|Any CPU.Build.0 = Release|Any CPU
		{FD2B8418-237D-446C-B440-B9DB183CED63}.Debug|Any CPU.ActiveCfg = Debug|Any CPU
		{FD2B8418-237D-446C-B440-B9DB183CED63}.Debug|Any CPU.Build.0 = Debug|Any CPU
		{FD2B8418-237D-446C-B440-B9DB183CED63}.Release|Any CPU.ActiveCfg = Release|Any CPU
		{FD2B8418-237D-446C-B440-B9DB183CED63}.Release|Any CPU.Build.0 = Release|Any CPU
		{66498558-CD58-44C5-AD9B-5665DF3C526C}.Debug|Any CPU.ActiveCfg = Debug|Any CPU
		{66498558-CD58-44C5-AD9B-5665DF3C526C}.Debug|Any CPU.Build.0 = Debug|Any CPU
		{66498558-CD58-44C5-AD9B-5665DF3C526C}.Release|Any CPU.ActiveCfg = Release|Any CPU
		{66498558-CD58-44C5-AD9B-5665DF3C526C}.Release|Any CPU.Build.0 = Release|Any CPU
		{3444B5C3-786C-4D87-848F-E834E15FDB65}.Debug|Any CPU.ActiveCfg = Debug|Any CPU
		{3444B5C3-786C-4D87-848F-E834E15FDB65}.Debug|Any CPU.Build.0 = Debug|Any CPU
		{3444B5C3-786C-4D87-848F-E834E15FDB65}.Release|Any CPU.ActiveCfg = Release|Any CPU
		{3444B5C3-786C-4D87-848F-E834E15FDB65}.Release|Any CPU.Build.0 = Release|Any CPU
		{91B05754-349F-48C4-86F1-FBB7D5051605}.Debug|Any CPU.ActiveCfg = Debug|Any CPU
		{91B05754-349F-48C4-86F1-FBB7D5051605}.Debug|Any CPU.Build.0 = Debug|Any CPU
		{91B05754-349F-48C4-86F1-FBB7D5051605}.Release|Any CPU.ActiveCfg = Release|Any CPU
		{91B05754-349F-48C4-86F1-FBB7D5051605}.Release|Any CPU.Build.0 = Release|Any CPU
	EndGlobalSection
	GlobalSection(SolutionProperties) = preSolution
		HideSolutionNode = FALSE
	EndGlobalSection
	GlobalSection(NestedProjects) = preSolution
		{EC7B6672-8A50-4175-95D6-BC8D6063EDA6} = {B2F57E4A-D2F3-436D-AF68-EED40C68AC71}
		{E0C77A75-E97C-40FF-A189-18E1B8F16419} = {35EBB824-AC86-4C4A-80BF-9428D3400605}
		{7C1C598F-CC9B-4407-8532-290F2F1FBAD7} = {35EBB824-AC86-4C4A-80BF-9428D3400605}
		{FD2B8418-237D-446C-B440-B9DB183CED63} = {07B853F4-47C4-4746-A6F6-550778577C20}
		{66498558-CD58-44C5-AD9B-5665DF3C526C} = {07B853F4-47C4-4746-A6F6-550778577C20}
		{3444B5C3-786C-4D87-848F-E834E15FDB65} = {951025BF-0140-4202-BF80-CB1D77712DCB}
		{91B05754-349F-48C4-86F1-FBB7D5051605} = {951025BF-0140-4202-BF80-CB1D77712DCB}
	EndGlobalSection
EndGlobal
